// !$*UTF8*$!
{
	archiveVersion = 1;
	classes = {
	};
	objectVersion = 50;
	objects = {

/* Begin PBXBuildFile section */
		AD937BF622C61DBB002E2D88 /* AppDelegate.swift in Sources */ = {isa = PBXBuildFile; fileRef = AD937BF522C61DBB002E2D88 /* AppDelegate.swift */; };
		AD937BF822C61DBB002E2D88 /* SceneDelegate.swift in Sources */ = {isa = PBXBuildFile; fileRef = AD937BF722C61DBB002E2D88 /* SceneDelegate.swift */; };
		AD937BFA22C61DBB002E2D88 /* ViewController.swift in Sources */ = {isa = PBXBuildFile; fileRef = AD937BF922C61DBB002E2D88 /* ViewController.swift */; };
		AD937BFD22C61DBB002E2D88 /* Main.storyboard in Resources */ = {isa = PBXBuildFile; fileRef = AD937BFB22C61DBB002E2D88 /* Main.storyboard */; };
		AD937BFF22C61DBE002E2D88 /* Assets.xcassets in Resources */ = {isa = PBXBuildFile; fileRef = AD937BFE22C61DBE002E2D88 /* Assets.xcassets */; };
		ADE587E922CB4D36007F0F9A /* README.md in Resources */ = {isa = PBXBuildFile; fileRef = ADE587E822CB4D36007F0F9A /* README.md */; };
		ADE587EB22CB5121007F0F9A /* LaunchScreen.storyboard in Resources */ = {isa = PBXBuildFile; fileRef = ADE587EA22CB5121007F0F9A /* LaunchScreen.storyboard */; };
		ADE587F322CB513D007F0F9A /* A.wav in Resources */ = {isa = PBXBuildFile; fileRef = ADE587EC22CB513C007F0F9A /* A.wav */; };
		ADE587F422CB513D007F0F9A /* G.wav in Resources */ = {isa = PBXBuildFile; fileRef = ADE587ED22CB513C007F0F9A /* G.wav */; };
		ADE587F522CB513D007F0F9A /* C.wav in Resources */ = {isa = PBXBuildFile; fileRef = ADE587EE22CB513C007F0F9A /* C.wav */; };
		ADE587F622CB513D007F0F9A /* E.wav in Resources */ = {isa = PBXBuildFile; fileRef = ADE587EF22CB513D007F0F9A /* E.wav */; };
		ADE587F722CB513D007F0F9A /* F.wav in Resources */ = {isa = PBXBuildFile; fileRef = ADE587F022CB513D007F0F9A /* F.wav */; };
		ADE587F822CB513D007F0F9A /* B.wav in Resources */ = {isa = PBXBuildFile; fileRef = ADE587F122CB513D007F0F9A /* B.wav */; };
		ADE587F922CB513D007F0F9A /* D.wav in Resources */ = {isa = PBXBuildFile; fileRef = ADE587F222CB513D007F0F9A /* D.wav */; };
/* End PBXBuildFile section */

/* Begin PBXFileReference section */
		AD937BF222C61DBB002E2D88 /* Xylophone.app */ = {isa = PBXFileReference; explicitFileType = wrapper.application; includeInIndex = 0; path = Xylophone.app; sourceTree = BUILT_PRODUCTS_DIR; };
		AD937BF522C61DBB002E2D88 /* AppDelegate.swift */ = {isa = PBXFileReference; lastKnownFileType = sourcecode.swift; path = AppDelegate.swift; sourceTree = "<group>"; };
		AD937BF722C61DBB002E2D88 /* SceneDelegate.swift */ = {isa = PBXFileReference; lastKnownFileType = sourcecode.swift; path = SceneDelegate.swift; sourceTree = "<group>"; };
		AD937BF922C61DBB002E2D88 /* ViewController.swift */ = {isa = PBXFileReference; lastKnownFileType = sourcecode.swift; path = ViewController.swift; sourceTree = "<group>"; };
		AD937BFC22C61DBB002E2D88 /* Base */ = {isa = PBXFileReference; lastKnownFileType = file.storyboard; name = Base; path = Base.lproj/Main.storyboard; sourceTree = "<group>"; };
		AD937BFE22C61DBE002E2D88 /* Assets.xcassets */ = {isa = PBXFileReference; lastKnownFileType = folder.assetcatalog; path = Assets.xcassets; sourceTree = "<group>"; };
		AD937C0322C61DBE002E2D88 /* Info.plist */ = {isa = PBXFileReference; lastKnownFileType = text.plist.xml; path = Info.plist; sourceTree = "<group>"; };
		ADE587E822CB4D36007F0F9A /* README.md */ = {isa = PBXFileReference; fileEncoding = 4; lastKnownFileType = net.daringfireball.markdown; path = README.md; sourceTree = "<group>"; };
		ADE587EA22CB5121007F0F9A /* LaunchScreen.storyboard */ = {isa = PBXFileReference; fileEncoding = 4; lastKnownFileType = file.storyboard; path = LaunchScreen.storyboard; sourceTree = "<group>"; };
		ADE587EC22CB513C007F0F9A /* A.wav */ = {isa = PBXFileReference; lastKnownFileType = audio.wav; path = A.wav; sourceTree = "<group>"; };
		ADE587ED22CB513C007F0F9A /* G.wav */ = {isa = PBXFileReference; lastKnownFileType = audio.wav; path = G.wav; sourceTree = "<group>"; };
		ADE587EE22CB513C007F0F9A /* C.wav */ = {isa = PBXFileReference; lastKnownFileType = audio.wav; path = C.wav; sourceTree = "<group>"; };
		ADE587EF22CB513D007F0F9A /* E.wav */ = {isa = PBXFileReference; lastKnownFileType = audio.wav; path = E.wav; sourceTree = "<group>"; };
		ADE587F022CB513D007F0F9A /* F.wav */ = {isa = PBXFileReference; lastKnownFileType = audio.wav; path = F.wav; sourceTree = "<group>"; };
		ADE587F122CB513D007F0F9A /* B.wav */ = {isa = PBXFileReference; lastKnownFileType = audio.wav; path = B.wav; sourceTree = "<group>"; };
		ADE587F222CB513D007F0F9A /* D.wav */ = {isa = PBXFileReference; lastKnownFileType = audio.wav; path = D.wav; sourceTree = "<group>"; };
/* End PBXFileReference section */

/* Begin PBXFrameworksBuildPhase section */
		AD937BEF22C61DBB002E2D88 /* Frameworks */ = {
			isa = PBXFrameworksBuildPhase;
			buildActionMask = 2147483647;
			files = (
			);
			runOnlyForDeploymentPostprocessing = 0;
		};
/* End PBXFrameworksBuildPhase section */

/* Begin PBXGroup section */
		AD937BE922C61DBB002E2D88 = {
			isa = PBXGroup;
			children = (
				ADE587E822CB4D36007F0F9A /* README.md */,
				AD937BF422C61DBB002E2D88 /* Xylophone */,
				AD937BF322C61DBB002E2D88 /* Products */,
			);
			sourceTree = "<group>";
		};
		AD937BF322C61DBB002E2D88 /* Products */ = {
			isa = PBXGroup;
			children = (
				AD937BF222C61DBB002E2D88 /* Xylophone.app */,
			);
			name = Products;
			sourceTree = "<group>";
		};
		AD937BF422C61DBB002E2D88 /* Xylophone */ = {
			isa = PBXGroup;
			children = (
				AD937BF522C61DBB002E2D88 /* AppDelegate.swift */,
				AD937BF722C61DBB002E2D88 /* SceneDelegate.swift */,
				AD937BF922C61DBB002E2D88 /* ViewController.swift */,
				AD937BFB22C61DBB002E2D88 /* Main.storyboard */,
				AD937BFE22C61DBE002E2D88 /* Assets.xcassets */,
				ADE587EA22CB5121007F0F9A /* LaunchScreen.storyboard */,
				AD937C0322C61DBE002E2D88 /* Info.plist */,
				ADE587FA22CB5141007F0F9A /* Sounds */,
			);
			path = Xylophone;
			sourceTree = "<group>";
		};
		ADE587FA22CB5141007F0F9A /* Sounds */ = {
			isa = PBXGroup;
			children = (
				ADE587EE22CB513C007F0F9A /* C.wav */,
				ADE587F222CB513D007F0F9A /* D.wav */,
				ADE587EF22CB513D007F0F9A /* E.wav */,
				ADE587F022CB513D007F0F9A /* F.wav */,
				ADE587ED22CB513C007F0F9A /* G.wav */,
				ADE587EC22CB513C007F0F9A /* A.wav */,
				ADE587F122CB513D007F0F9A /* B.wav */,
			);
			path = Sounds;
			sourceTree = "<group>";
		};
/* End PBXGroup section */

/* Begin PBXNativeTarget section */
		AD937BF122C61DBB002E2D88 /* Xylophone */ = {
			isa = PBXNativeTarget;
			buildConfigurationList = AD937C0622C61DBE002E2D88 /* Build configuration list for PBXNativeTarget "Xylophone" */;
			buildPhases = (
				AD937BEE22C61DBB002E2D88 /* Sources */,
				AD937BEF22C61DBB002E2D88 /* Frameworks */,
				AD937BF022C61DBB002E2D88 /* Resources */,
			);
			buildRules = (
			);
			dependencies = (
			);
			name = Xylophone;
			productName = Xylophone;
			productReference = AD937BF222C61DBB002E2D88 /* Xylophone.app */;
			productType = "com.apple.product-type.application";
		};
/* End PBXNativeTarget section */

/* Begin PBXProject section */
		AD937BEA22C61DBB002E2D88 /* Project object */ = {
			isa = PBXProject;
			attributes = {
				LastSwiftUpdateCheck = 1100;
				LastUpgradeCheck = 1100;
				ORGANIZATIONNAME = "The App Brewery";
				TargetAttributes = {
					AD937BF122C61DBB002E2D88 = {
						CreatedOnToolsVersion = 11.0;
					};
				};
			};
			buildConfigurationList = AD937BED22C61DBB002E2D88 /* Build configuration list for PBXProject "Xylophone" */;
			compatibilityVersion = "Xcode 9.3";
			developmentRegion = en;
			hasScannedForEncodings = 0;
			knownRegions = (
				en,
				Base,
			);
			mainGroup = AD937BE922C61DBB002E2D88;
			productRefGroup = AD937BF322C61DBB002E2D88 /* Products */;
			projectDirPath = "";
			projectRoot = "";
			targets = (
				AD937BF122C61DBB002E2D88 /* Xylophone */,
			);
		};
/* End PBXProject section */

/* Begin PBXResourcesBuildPhase section */
		AD937BF022C61DBB002E2D88 /* Resources */ = {
			isa = PBXResourcesBuildPhase;
			buildActionMask = 2147483647;
			files = (
				ADE587F722CB513D007F0F9A /* F.wav in Resources */,
				ADE587F422CB513D007F0F9A /* G.wav in Resources */,
				AD937BFF22C61DBE002E2D88 /* Assets.xcassets in Resources */,
				ADE587EB22CB5121007F0F9A /* LaunchScreen.storyboard in Resources */,
				ADE587E922CB4D36007F0F9A /* README.md in Resources */,
				ADE587F922CB513D007F0F9A /* D.wav in Resources */,
				ADE587F522CB513D007F0F9A /* C.wav in Resources */,
				ADE587F822CB513D007F0F9A /* B.wav in Resources */,
				ADE587F322CB513D007F0F9A /* A.wav in Resources */,
				ADE587F622CB513D007F0F9A /* E.wav in Resources */,
				AD937BFD22C61DBB002E2D88 /* Main.storyboard in Resources */,
			);
			runOnlyForDeploymentPostprocessing = 0;
		};
/* End PBXResourcesBuildPhase section */

/* Begin PBXSourcesBuildPhase section */
		AD937BEE22C61DBB002E2D88 /* Sources */ = {
			isa = PBXSourcesBuildPhase;
			buildActionMask = 2147483647;
			files = (
				AD937BFA22C61DBB002E2D88 /* ViewController.swift in Sources */,
				AD937BF622C61DBB002E2D88 /* AppDelegate.swift in Sources */,
				AD937BF822C61DBB002E2D88 /* SceneDelegate.swift in Sources */,
			);
			runOnlyForDeploymentPostprocessing = 0;
		};
/* End PBXSourcesBuildPhase section */

/* Begin PBXVariantGroup section */
		AD937BFB22C61DBB002E2D88 /* Main.storyboard */ = {
			isa = PBXVariantGroup;
			children = (
				AD937BFC22C61DBB002E2D88 /* Base */,
			);
			name = Main.storyboard;
			sourceTree = "<group>";
		};
/* End PBXVariantGroup section */

/* Begin XCBuildConfiguration section */
		AD937C0422C61DBE002E2D88 /* Debug */ = {
			isa = XCBuildConfiguration;
			buildSettings = {
				ALWAYS_SEARCH_USER_PATHS = NO;
				CLANG_ANALYZER_NONNULL = YES;
				CLANG_ANALYZER_NUMBER_OBJECT_CONVERSION = YES_AGGRESSIVE;
				CLANG_CXX_LANGUAGE_STANDARD = "gnu++14";
				CLANG_CXX_LIBRARY = "libc++";
				CLANG_ENABLE_MODULES = YES;
				CLANG_ENABLE_OBJC_ARC = YES;
				CLANG_ENABLE_OBJC_WEAK = YES;
				CLANG_WARN_BLOCK_CAPTURE_AUTORELEASING = YES;
				CLANG_WARN_BOOL_CONVERSION = YES;
				CLANG_WARN_COMMA = YES;
				CLANG_WARN_CONSTANT_CONVERSION = YES;
				CLANG_WARN_DEPRECATED_OBJC_IMPLEMENTATIONS = YES;
				CLANG_WARN_DIRECT_OBJC_ISA_USAGE = YES_ERROR;
				CLANG_WARN_DOCUMENTATION_COMMENTS = YES;
				CLANG_WARN_EMPTY_BODY = YES;
				CLANG_WARN_ENUM_CONVERSION = YES;
				CLANG_WARN_INFINITE_RECURSION = YES;
				CLANG_WARN_INT_CONVERSION = YES;
				CLANG_WARN_NON_LITERAL_NULL_CONVERSION = YES;
				CLANG_WARN_OBJC_IMPLICIT_RETAIN_SELF = YES;
				CLANG_WARN_OBJC_LITERAL_CONVERSION = YES;
				CLANG_WARN_OBJC_ROOT_CLASS = YES_ERROR;
				CLANG_WARN_RANGE_LOOP_ANALYSIS = YES;
				CLANG_WARN_STRICT_PROTOTYPES = YES;
				CLANG_WARN_SUSPICIOUS_MOVE = YES;
				CLANG_WARN_UNGUARDED_AVAILABILITY = YES_AGGRESSIVE;
				CLANG_WARN_UNREACHABLE_CODE = YES;
				CLANG_WARN__DUPLICATE_METHOD_MATCH = YES;
				COPY_PHASE_STRIP = NO;
				DEBUG_INFORMATION_FORMAT = dwarf;
				ENABLE_STRICT_OBJC_MSGSEND = YES;
				ENABLE_TESTABILITY = YES;
				GCC_C_LANGUAGE_STANDARD = gnu11;
				GCC_DYNAMIC_NO_PIC = NO;
				GCC_NO_COMMON_BLOCKS = YES;
				GCC_OPTIMIZATION_LEVEL = 0;
				GCC_PREPROCESSOR_DEFINITIONS = (
					"DEBUG=1",
					"$(inherited)",
				);
				GCC_WARN_64_TO_32_BIT_CONVERSION = YES;
				GCC_WARN_ABOUT_RETURN_TYPE = YES_ERROR;
				GCC_WARN_UNDECLARED_SELECTOR = YES;
				GCC_WARN_UNINITIALIZED_AUTOS = YES_AGGRESSIVE;
				GCC_WARN_UNUSED_FUNCTION = YES;
				GCC_WARN_UNUSED_VARIABLE = YES;
				IPHONEOS_DEPLOYMENT_TARGET = 13.0;
				MTL_ENABLE_DEBUG_INFO = INCLUDE_SOURCE;
				MTL_FAST_MATH = YES;
				ONLY_ACTIVE_ARCH = YES;
				SDKROOT = iphoneos;
				SWIFT_ACTIVE_COMPILATION_CONDITIONS = DEBUG;
				SWIFT_OPTIMIZATION_LEVEL = "-Onone";
			};
			name = Debug;
		};
		AD937C0522C61DBE002E2D88 /* Release */ = {
			isa = XCBuildConfiguration;
			buildSettings = {
				ALWAYS_SEARCH_USER_PATHS = NO;
				CLANG_ANALYZER_NONNULL = YES;
				CLANG_ANALYZER_NUMBER_OBJECT_CONVERSION = YES_AGGRESSIVE;
				CLANG_CXX_LANGUAGE_STANDARD = "gnu++14";
				CLANG_CXX_LIBRARY = "libc++";
				CLANG_ENABLE_MODULES = YES;
				CLANG_ENABLE_OBJC_ARC = YES;
				CLANG_ENABLE_OBJC_WEAK = YES;
				CLANG_WARN_BLOCK_CAPTURE_AUTORELEASING = YES;
				CLANG_WARN_BOOL_CONVERSION = YES;
				CLANG_WARN_COMMA = YES;
				CLANG_WARN_CONSTANT_CONVERSION = YES;
				CLANG_WARN_DEPRECATED_OBJC_IMPLEMENTATIONS = YES;
				CLANG_WARN_DIRECT_OBJC_ISA_USAGE = YES_ERROR;
				CLANG_WARN_DOCUMENTATION_COMMENTS = YES;
				CLANG_WARN_EMPTY_BODY = YES;
				CLANG_WARN_ENUM_CONVERSION = YES;
				CLANG_WARN_INFINITE_RECURSION = YES;
				CLANG_WARN_INT_CONVERSION = YES;
				CLANG_WARN_NON_LITERAL_NULL_CONVERSION = YES;
				CLANG_WARN_OBJC_IMPLICIT_RETAIN_SELF = YES;
				CLANG_WARN_OBJC_LITERAL_CONVERSION = YES;
				CLANG_WARN_OBJC_ROOT_CLASS = YES_ERROR;
				CLANG_WARN_RANGE_LOOP_ANALYSIS = YES;
				CLANG_WARN_STRICT_PROTOTYPES = YES;
				CLANG_WARN_SUSPICIOUS_MOVE = YES;
				CLANG_WARN_UNGUARDED_AVAILABILITY = YES_AGGRESSIVE;
				CLANG_WARN_UNREACHABLE_CODE = YES;
				CLANG_WARN__DUPLICATE_METHOD_MATCH = YES;
				COPY_PHASE_STRIP = NO;
				DEBUG_INFORMATION_FORMAT = "dwarf-with-dsym";
				ENABLE_NS_ASSERTIONS = NO;
				ENABLE_STRICT_OBJC_MSGSEND = YES;
				GCC_C_LANGUAGE_STANDARD = gnu11;
				GCC_NO_COMMON_BLOCKS = YES;
				GCC_WARN_64_TO_32_BIT_CONVERSION = YES;
				GCC_WARN_ABOUT_RETURN_TYPE = YES_ERROR;
				GCC_WARN_UNDECLARED_SELECTOR = YES;
				GCC_WARN_UNINITIALIZED_AUTOS = YES_AGGRESSIVE;
				GCC_WARN_UNUSED_FUNCTION = YES;
				GCC_WARN_UNUSED_VARIABLE = YES;
				IPHONEOS_DEPLOYMENT_TARGET = 13.0;
				MTL_ENABLE_DEBUG_INFO = NO;
				MTL_FAST_MATH = YES;
				SDKROOT = iphoneos;
				SWIFT_COMPILATION_MODE = wholemodule;
				SWIFT_OPTIMIZATION_LEVEL = "-O";
				VALIDATE_PRODUCT = YES;
			};
			name = Release;
		};
		AD937C0722C61DBE002E2D88 /* Debug */ = {
			isa = XCBuildConfiguration;
			buildSettings = {
				ASSETCATALOG_COMPILER_APPICON_NAME = AppIcon;
				CODE_SIGN_STYLE = Automatic;
				INFOPLIST_FILE = Xylophone/Info.plist;
				LD_RUNPATH_SEARCH_PATHS = (
					"$(inherited)",
					"@executable_path/Frameworks",
				);
				PRODUCT_BUNDLE_IDENTIFIER = co.appbrewery.Xylophone;
				PRODUCT_NAME = "$(TARGET_NAME)";
				SWIFT_VERSION = 5.0;
				TARGETED_DEVICE_FAMILY = 1;
			};
			name = Debug;
		};
		AD937C0822C61DBE002E2D88 /* Release */ = {
			isa = XCBuildConfiguration;
			buildSettings = {
				ASSETCATALOG_COMPILER_APPICON_NAME = AppIcon;
				CODE_SIGN_STYLE = Automatic;
				INFOPLIST_FILE = Xylophone/Info.plist;
				LD_RUNPATH_SEARCH_PATHS = (
					"$(inherited)",
					"@executable_path/Frameworks",
				);
				PRODUCT_BUNDLE_IDENTIFIER = co.appbrewery.Xylophone;
				PRODUCT_NAME = "$(TARGET_NAME)";
				SWIFT_VERSION = 5.0;
				TARGETED_DEVICE_FAMILY = 1;
			};
			name = Release;
		};
/* End XCBuildConfiguration section */

/* Begin XCConfigurationList section */
		AD937BED22C61DBB002E2D88 /* Build configuration list for PBXProject "Xylophone" */ = {
			isa = XCConfigurationList;
			buildConfigurations = (
				AD937C0422C61DBE002E2D88 /* Debug */,
				AD937C0522C61DBE002E2D88 /* Release */,
			);
			defaultConfigurationIsVisible = 0;
			defaultConfigurationName = Release;
		};
		AD937C0622C61DBE002E2D88 /* Build configuration list for PBXNativeTarget "Xylophone" */ = {
			isa = XCConfigurationList;
			buildConfigurations = (
				AD937C0722C61DBE002E2D88 /* Debug */,
				AD937C0822C61DBE002E2D88 /* Release */,
			);
			defaultConfigurationIsVisible = 0;
			defaultConfigurationName = Release;
		};
/* End XCConfigurationList section */
	};
	rootObject = AD937BEA22C61DBB002E2D88 /* Project object */;
}
